
Microsoft Visual Studio Solution File, Format Version 12.00
# Visual Studio 14
VisualStudioVersion = 14.0.24720.0
MinimumVisualStudioVersion = 10.0.40219.1
Project("{FAE04EC0-301F-11D3-BF4B-00C04F79EFBC}") = "WebShop", "WebShop\WebShop.csproj", "{32F0590D-C38B-4D4F-812F-1871A0EB6CEE}"
EndProject
Project("{F088123C-0E9E-452A-89E6-6BA2F21D5CAC}") = "ModelingProject", "ModelingProject\ModelingProject.modelproj", "{2473B4E4-F926-4838-BAAB-F632159473E1}"
EndProject
Global
	GlobalSection(SolutionConfigurationPlatforms) = preSolution
		Debug|Any CPU = Debug|Any CPU
		Release|Any CPU = Release|Any CPU
	EndGlobalSection
	GlobalSection(ProjectConfigurationPlatforms) = postSolution
		{32F0590D-C38B-4D4F-812F-1871A0EB6CEE}.Debug|Any CPU.ActiveCfg = Debug|Any CPU
		{32F0590D-C38B-4D4F-812F-1871A0EB6CEE}.Debug|Any CPU.Build.0 = Debug|Any CPU
		{32F0590D-C38B-4D4F-812F-1871A0EB6CEE}.Release|Any CPU.ActiveCfg = Release|Any CPU
		{32F0590D-C38B-4D4F-812F-1871A0EB6CEE}.Release|Any CPU.Build.0 = Release|Any CPU
		{2473B4E4-F926-4838-BAAB-F632159473E1}.Debug|Any CPU.ActiveCfg = Debug|Any CPU
		{2473B4E4-F926-4838-BAAB-F632159473E1}.Debug|Any CPU.Build.0 = Debug|Any CPU
		{2473B4E4-F926-4838-BAAB-F632159473E1}.Release|Any CPU.ActiveCfg = Release|Any CPU
		{2473B4E4-F926-4838-BAAB-F632159473E1}.Release|Any CPU.Build.0 = Release|Any CPU
	EndGlobalSection
	GlobalSection(SolutionProperties) = preSolution
		HideSolutionNode = FALSE
	EndGlobalSection
EndGlobal
